// !$*UTF8*$!
{
	archiveVersion = 1;
	classes = {
	};
	objectVersion = 50;
	objects = {

/* Begin PBXBuildFile section */
		252AC6F220A4EE7700E38061 /* Car.swift in Sources */ = {isa = PBXBuildFile; fileRef = 252AC6F120A4EE7700E38061 /* Car.swift */; };
		252AC6F420A4F24900E38061 /* RESTCAR.swift in Sources */ = {isa = PBXBuildFile; fileRef = 252AC6F320A4F24900E38061 /* RESTCAR.swift */; };
		252AC6F620A4FADD00E38061 /* CarsTableViewController.swift in Sources */ = {isa = PBXBuildFile; fileRef = 252AC6F520A4FADD00E38061 /* CarsTableViewController.swift */; };
		2539237F20ADD9BE00EC6BF6 /* MapKit.framework in Frameworks */ = {isa = PBXBuildFile; fileRef = 2539237E20ADD9BE00EC6BF6 /* MapKit.framework */; };
		2539238420ADDE0E00EC6BF6 /* Pin.swift in Sources */ = {isa = PBXBuildFile; fileRef = 2539238320ADDE0E00EC6BF6 /* Pin.swift */; };
		2539238820AF48A900EC6BF6 /* ViewController+CoreData.swift in Sources */ = {isa = PBXBuildFile; fileRef = 2539238720AF48A900EC6BF6 /* ViewController+CoreData.swift */; };
		2566CB321FF9B6C3000FE434 /* AppDelegate.swift in Sources */ = {isa = PBXBuildFile; fileRef = 2566CB311FF9B6C3000FE434 /* AppDelegate.swift */; };
		2566CB341FF9B6C3000FE434 /* ViewController.swift in Sources */ = {isa = PBXBuildFile; fileRef = 2566CB331FF9B6C3000FE434 /* ViewController.swift */; };
		2566CB371FF9B6C3000FE434 /* Main.storyboard in Resources */ = {isa = PBXBuildFile; fileRef = 2566CB351FF9B6C3000FE434 /* Main.storyboard */; };
		2566CB3A1FF9B6C3000FE434 /* igps_Rastreamento.xcdatamodeld in Sources */ = {isa = PBXBuildFile; fileRef = 2566CB381FF9B6C3000FE434 /* igps_Rastreamento.xcdatamodeld */; };
		2566CB3F1FF9B6C6000FE434 /* LaunchScreen.storyboard in Resources */ = {isa = PBXBuildFile; fileRef = 2566CB3D1FF9B6C5000FE434 /* LaunchScreen.storyboard */; };
		2566CB4920A26A07000FE434 /* Assets.xcassets in Resources */ = {isa = PBXBuildFile; fileRef = 2566CB4820A26A06000FE434 /* Assets.xcassets */; };
		25692B4E20A9DAF7003FA93A /* Login.swift in Sources */ = {isa = PBXBuildFile; fileRef = 25692B4D20A9DAF7003FA93A /* Login.swift */; };
		25692B5020A9DB06003FA93A /* RESTLOGIN.swift in Sources */ = {isa = PBXBuildFile; fileRef = 25692B4F20A9DB06003FA93A /* RESTLOGIN.swift */; };
		256A6B1220AB9B73009E27DE /* CarsTableViewCell.swift in Sources */ = {isa = PBXBuildFile; fileRef = 256A6B1120AB9B73009E27DE /* CarsTableViewCell.swift */; };
		25DB03E620AC9F3E0045C4E2 /* MapaViewController.swift in Sources */ = {isa = PBXBuildFile; fileRef = 25DB03E520AC9F3E0045C4E2 /* MapaViewController.swift */; };
/* End PBXBuildFile section */

/* Begin PBXFileReference section */
		252AC6F120A4EE7700E38061 /* Car.swift */ = {isa = PBXFileReference; lastKnownFileType = sourcecode.swift; path = Car.swift; sourceTree = "<group>"; };
		252AC6F320A4F24900E38061 /* RESTCAR.swift */ = {isa = PBXFileReference; lastKnownFileType = sourcecode.swift; path = RESTCAR.swift; sourceTree = "<group>"; };
		252AC6F520A4FADD00E38061 /* CarsTableViewController.swift */ = {isa = PBXFileReference; lastKnownFileType = sourcecode.swift; path = CarsTableViewController.swift; sourceTree = "<group>"; };
		2539237E20ADD9BE00EC6BF6 /* MapKit.framework */ = {isa = PBXFileReference; lastKnownFileType = wrapper.framework; name = MapKit.framework; path = System/Library/Frameworks/MapKit.framework; sourceTree = SDKROOT; };
		2539238220ADD9FC00EC6BF6 /* igpsRastreamento.entitlements */ = {isa = PBXFileReference; lastKnownFileType = text.plist.entitlements; path = igpsRastreamento.entitlements; sourceTree = "<group>"; };
		2539238320ADDE0E00EC6BF6 /* Pin.swift */ = {isa = PBXFileReference; lastKnownFileType = sourcecode.swift; path = Pin.swift; sourceTree = "<group>"; };
		2539238720AF48A900EC6BF6 /* ViewController+CoreData.swift */ = {isa = PBXFileReference; lastKnownFileType = sourcecode.swift; path = "ViewController+CoreData.swift"; sourceTree = "<group>"; };
		2566CB2E1FF9B6C3000FE434 /* igpsRastreamento.app */ = {isa = PBXFileReference; explicitFileType = wrapper.application; includeInIndex = 0; path = igpsRastreamento.app; sourceTree = BUILT_PRODUCTS_DIR; };
		2566CB311FF9B6C3000FE434 /* AppDelegate.swift */ = {isa = PBXFileReference; lastKnownFileType = sourcecode.swift; path = AppDelegate.swift; sourceTree = "<group>"; };
		2566CB331FF9B6C3000FE434 /* ViewController.swift */ = {isa = PBXFileReference; lastKnownFileType = sourcecode.swift; path = ViewController.swift; sourceTree = "<group>"; };
		2566CB361FF9B6C3000FE434 /* Base */ = {isa = PBXFileReference; lastKnownFileType = file.storyboard; name = Base; path = Base.lproj/Main.storyboard; sourceTree = "<group>"; };
		2566CB391FF9B6C3000FE434 /* igps_Rastreamento.xcdatamodel */ = {isa = PBXFileReference; lastKnownFileType = wrapper.xcdatamodel; path = igps_Rastreamento.xcdatamodel; sourceTree = "<group>"; };
		2566CB3E1FF9B6C6000FE434 /* Base */ = {isa = PBXFileReference; lastKnownFileType = file.storyboard; name = Base; path = Base.lproj/LaunchScreen.storyboard; sourceTree = "<group>"; };
		2566CB401FF9B6C6000FE434 /* Info.plist */ = {isa = PBXFileReference; lastKnownFileType = text.plist.xml; path = Info.plist; sourceTree = "<group>"; };
		2566CB4820A26A06000FE434 /* Assets.xcassets */ = {isa = PBXFileReference; lastKnownFileType = folder.assetcatalog; path = Assets.xcassets; sourceTree = "<group>"; };
		25692B4D20A9DAF7003FA93A /* Login.swift */ = {isa = PBXFileReference; lastKnownFileType = sourcecode.swift; path = Login.swift; sourceTree = "<group>"; };
		25692B4F20A9DB06003FA93A /* RESTLOGIN.swift */ = {isa = PBXFileReference; lastKnownFileType = sourcecode.swift; path = RESTLOGIN.swift; sourceTree = "<group>"; };
		25692B5220A9EF55003FA93A /* Objc-md5.h */ = {isa = PBXFileReference; lastKnownFileType = sourcecode.c.h; path = "Objc-md5.h"; sourceTree = "<group>"; };
		256A6B1120AB9B73009E27DE /* CarsTableViewCell.swift */ = {isa = PBXFileReference; lastKnownFileType = sourcecode.swift; path = CarsTableViewCell.swift; sourceTree = "<group>"; };
		25DB03E520AC9F3E0045C4E2 /* MapaViewController.swift */ = {isa = PBXFileReference; lastKnownFileType = sourcecode.swift; path = MapaViewController.swift; sourceTree = "<group>"; };
/* End PBXFileReference section */

/* Begin PBXFrameworksBuildPhase section */
		2566CB2B1FF9B6C3000FE434 /* Frameworks */ = {
			isa = PBXFrameworksBuildPhase;
			buildActionMask = 2147483647;
			files = (
				2539237F20ADD9BE00EC6BF6 /* MapKit.framework in Frameworks */,
			);
			runOnlyForDeploymentPostprocessing = 0;
		};
/* End PBXFrameworksBuildPhase section */

/* Begin PBXGroup section */
		2539237D20ADD9BE00EC6BF6 /* Frameworks */ = {
			isa = PBXGroup;
			children = (
				2539237E20ADD9BE00EC6BF6 /* MapKit.framework */,
			);
			name = Frameworks;
			sourceTree = "<group>";
		};
		2566CB251FF9B6C3000FE434 = {
			isa = PBXGroup;
			children = (
				2539238220ADD9FC00EC6BF6 /* igpsRastreamento.entitlements */,
				25692B5220A9EF55003FA93A /* Objc-md5.h */,
				2566CB301FF9B6C3000FE434 /* igps Rastreamento */,
				2566CB2F1FF9B6C3000FE434 /* Products */,
				2539237D20ADD9BE00EC6BF6 /* Frameworks */,
			);
			sourceTree = "<group>";
		};
		2566CB2F1FF9B6C3000FE434 /* Products */ = {
			isa = PBXGroup;
			children = (
				2566CB2E1FF9B6C3000FE434 /* igpsRastreamento.app */,
			);
			name = Products;
			sourceTree = "<group>";
		};
		2566CB301FF9B6C3000FE434 /* igps Rastreamento */ = {
			isa = PBXGroup;
			children = (
				25DB03E520AC9F3E0045C4E2 /* MapaViewController.swift */,
				2539238320ADDE0E00EC6BF6 /* Pin.swift */,
				2566CB311FF9B6C3000FE434 /* AppDelegate.swift */,
				2566CB331FF9B6C3000FE434 /* ViewController.swift */,
				252AC6F520A4FADD00E38061 /* CarsTableViewController.swift */,
				256A6B1120AB9B73009E27DE /* CarsTableViewCell.swift */,
				252AC6F120A4EE7700E38061 /* Car.swift */,
				25692B4D20A9DAF7003FA93A /* Login.swift */,
				25692B4F20A9DB06003FA93A /* RESTLOGIN.swift */,
				252AC6F320A4F24900E38061 /* RESTCAR.swift */,
				2539238720AF48A900EC6BF6 /* ViewController+CoreData.swift */,
				2566CB4820A26A06000FE434 /* Assets.xcassets */,
				2566CB351FF9B6C3000FE434 /* Main.storyboard */,
				2566CB3D1FF9B6C5000FE434 /* LaunchScreen.storyboard */,
				2566CB401FF9B6C6000FE434 /* Info.plist */,
				2566CB381FF9B6C3000FE434 /* igps_Rastreamento.xcdatamodeld */,
			);
			path = "igps Rastreamento";
			sourceTree = "<group>";
		};
/* End PBXGroup section */

/* Begin PBXNativeTarget section */
		2566CB2D1FF9B6C3000FE434 /* igpsRastreamento */ = {
			isa = PBXNativeTarget;
			buildConfigurationList = 2566CB431FF9B6C6000FE434 /* Build configuration list for PBXNativeTarget "igpsRastreamento" */;
			buildPhases = (
				2566CB2A1FF9B6C3000FE434 /* Sources */,
				2566CB2B1FF9B6C3000FE434 /* Frameworks */,
				2566CB2C1FF9B6C3000FE434 /* Resources */,
			);
			buildRules = (
			);
			dependencies = (
			);
			name = igpsRastreamento;
			productName = "igps Rastreamento";
			productReference = 2566CB2E1FF9B6C3000FE434 /* igpsRastreamento.app */;
			productType = "com.apple.product-type.application";
		};
/* End PBXNativeTarget section */

/* Begin PBXProject section */
		2566CB261FF9B6C3000FE434 /* Project object */ = {
			isa = PBXProject;
			attributes = {
				LastSwiftUpdateCheck = 0930;
				LastUpgradeCheck = 0930;
				ORGANIZATIONNAME = "iGps Sistemas";
				TargetAttributes = {
					2566CB2D1FF9B6C3000FE434 = {
						CreatedOnToolsVersion = 9.3;
						SystemCapabilities = {
							com.apple.Maps.iOS = {
								enabled = 1;
							};
							com.apple.WAC = {
								enabled = 0;
							};
						};
					};
				};
			};
			buildConfigurationList = 2566CB291FF9B6C3000FE434 /* Build configuration list for PBXProject "igps Rastreamento" */;
			compatibilityVersion = "Xcode 9.3";
			developmentRegion = en;
			hasScannedForEncodings = 0;
			knownRegions = (
				en,
				Base,
			);
			mainGroup = 2566CB251FF9B6C3000FE434;
			productRefGroup = 2566CB2F1FF9B6C3000FE434 /* Products */;
			projectDirPath = "";
			projectRoot = "";
			targets = (
				2566CB2D1FF9B6C3000FE434 /* igpsRastreamento */,
			);
		};
/* End PBXProject section */

/* Begin PBXResourcesBuildPhase section */
		2566CB2C1FF9B6C3000FE434 /* Resources */ = {
			isa = PBXResourcesBuildPhase;
			buildActionMask = 2147483647;
			files = (
				2566CB3F1FF9B6C6000FE434 /* LaunchScreen.storyboard in Resources */,
				2566CB4920A26A07000FE434 /* Assets.xcassets in Resources */,
				2566CB371FF9B6C3000FE434 /* Main.storyboard in Resources */,
			);
			runOnlyForDeploymentPostprocessing = 0;
		};
/* End PBXResourcesBuildPhase section */

/* Begin PBXSourcesBuildPhase section */
		2566CB2A1FF9B6C3000FE434 /* Sources */ = {
			isa = PBXSourcesBuildPhase;
			buildActionMask = 2147483647;
			files = (
				25692B4E20A9DAF7003FA93A /* Login.swift in Sources */,
				2539238420ADDE0E00EC6BF6 /* Pin.swift in Sources */,
				25692B5020A9DB06003FA93A /* RESTLOGIN.swift in Sources */,
				2566CB341FF9B6C3000FE434 /* ViewController.swift in Sources */,
				2566CB3A1FF9B6C3000FE434 /* igps_Rastreamento.xcdatamodeld in Sources */,
				2539238820AF48A900EC6BF6 /* ViewController+CoreData.swift in Sources */,
				252AC6F420A4F24900E38061 /* RESTCAR.swift in Sources */,
				256A6B1220AB9B73009E27DE /* CarsTableViewCell.swift in Sources */,
				252AC6F220A4EE7700E38061 /* Car.swift in Sources */,
				25DB03E620AC9F3E0045C4E2 /* MapaViewController.swift in Sources */,
				252AC6F620A4FADD00E38061 /* CarsTableViewController.swift in Sources */,
				2566CB321FF9B6C3000FE434 /* AppDelegate.swift in Sources */,
			);
			runOnlyForDeploymentPostprocessing = 0;
		};
/* End PBXSourcesBuildPhase section */

/* Begin PBXVariantGroup section */
		2566CB351FF9B6C3000FE434 /* Main.storyboard */ = {
			isa = PBXVariantGroup;
			children = (
				2566CB361FF9B6C3000FE434 /* Base */,
			);
			name = Main.storyboard;
			sourceTree = "<group>";
		};
		2566CB3D1FF9B6C5000FE434 /* LaunchScreen.storyboard */ = {
			isa = PBXVariantGroup;
			children = (
				2566CB3E1FF9B6C6000FE434 /* Base */,
			);
			name = LaunchScreen.storyboard;
			sourceTree = "<group>";
		};
/* End PBXVariantGroup section */

/* Begin XCBuildConfiguration section */
		2566CB411FF9B6C6000FE434 /* Debug */ = {
			isa = XCBuildConfiguration;
			buildSettings = {
				ALWAYS_SEARCH_USER_PATHS = NO;
				CLANG_ANALYZER_NONNULL = YES;
				CLANG_ANALYZER_NUMBER_OBJECT_CONVERSION = YES_AGGRESSIVE;
				CLANG_CXX_LANGUAGE_STANDARD = "gnu++14";
				CLANG_CXX_LIBRARY = "libc++";
				CLANG_ENABLE_MODULES = YES;
				CLANG_ENABLE_OBJC_ARC = YES;
				CLANG_ENABLE_OBJC_WEAK = YES;
				CLANG_WARN_BLOCK_CAPTURE_AUTORELEASING = YES;
				CLANG_WARN_BOOL_CONVERSION = YES;
				CLANG_WARN_COMMA = YES;
				CLANG_WARN_CONSTANT_CONVERSION = YES;
				CLANG_WARN_DEPRECATED_OBJC_IMPLEMENTATIONS = YES;
				CLANG_WARN_DIRECT_OBJC_ISA_USAGE = YES_ERROR;
				CLANG_WARN_DOCUMENTATION_COMMENTS = YES;
				CLANG_WARN_EMPTY_BODY = YES;
				CLANG_WARN_ENUM_CONVERSION = YES;
				CLANG_WARN_INFINITE_RECURSION = YES;
				CLANG_WARN_INT_CONVERSION = YES;
				CLANG_WARN_NON_LITERAL_NULL_CONVERSION = YES;
				CLANG_WARN_OBJC_IMPLICIT_RETAIN_SELF = YES;
				CLANG_WARN_OBJC_LITERAL_CONVERSION = YES;
				CLANG_WARN_OBJC_ROOT_CLASS = YES_ERROR;
				CLANG_WARN_RANGE_LOOP_ANALYSIS = YES;
				CLANG_WARN_STRICT_PROTOTYPES = YES;
				CLANG_WARN_SUSPICIOUS_MOVE = YES;
				CLANG_WARN_UNGUARDED_AVAILABILITY = YES_AGGRESSIVE;
				CLANG_WARN_UNREACHABLE_CODE = YES;
				CLANG_WARN__DUPLICATE_METHOD_MATCH = YES;
				CODE_SIGN_IDENTITY = "iPhone Developer";
				COPY_PHASE_STRIP = NO;
				DEBUG_INFORMATION_FORMAT = dwarf;
				ENABLE_STRICT_OBJC_MSGSEND = YES;
				ENABLE_TESTABILITY = YES;
				GCC_C_LANGUAGE_STANDARD = gnu11;
				GCC_DYNAMIC_NO_PIC = NO;
				GCC_NO_COMMON_BLOCKS = YES;
				GCC_OPTIMIZATION_LEVEL = 0;
				GCC_PREPROCESSOR_DEFINITIONS = (
					"DEBUG=1",
					"$(inherited)",
				);
				GCC_WARN_64_TO_32_BIT_CONVERSION = YES;
				GCC_WARN_ABOUT_RETURN_TYPE = YES_ERROR;
				GCC_WARN_UNDECLARED_SELECTOR = YES;
				GCC_WARN_UNINITIALIZED_AUTOS = YES_AGGRESSIVE;
				GCC_WARN_UNUSED_FUNCTION = YES;
				GCC_WARN_UNUSED_VARIABLE = YES;
				IPHONEOS_DEPLOYMENT_TARGET = 11.3;
				MTL_ENABLE_DEBUG_INFO = YES;
				ONLY_ACTIVE_ARCH = YES;
				SDKROOT = iphoneos;
				SWIFT_ACTIVE_COMPILATION_CONDITIONS = DEBUG;
				SWIFT_OPTIMIZATION_LEVEL = "-Onone";
			};
			name = Debug;
		};
		2566CB421FF9B6C6000FE434 /* Release */ = {
			isa = XCBuildConfiguration;
			buildSettings = {
				ALWAYS_SEARCH_USER_PATHS = NO;
				CLANG_ANALYZER_NONNULL = YES;
				CLANG_ANALYZER_NUMBER_OBJECT_CONVERSION = YES_AGGRESSIVE;
				CLANG_CXX_LANGUAGE_STANDARD = "gnu++14";
				CLANG_CXX_LIBRARY = "libc++";
				CLANG_ENABLE_MODULES = YES;
				CLANG_ENABLE_OBJC_ARC = YES;
				CLANG_ENABLE_OBJC_WEAK = YES;
				CLANG_WARN_BLOCK_CAPTURE_AUTORELEASING = YES;
				CLANG_WARN_BOOL_CONVERSION = YES;
				CLANG_WARN_COMMA = YES;
				CLANG_WARN_CONSTANT_CONVERSION = YES;
				CLANG_WARN_DEPRECATED_OBJC_IMPLEMENTATIONS = YES;
				CLANG_WARN_DIRECT_OBJC_ISA_USAGE = YES_ERROR;
				CLANG_WARN_DOCUMENTATION_COMMENTS = YES;
				CLANG_WARN_EMPTY_BODY = YES;
				CLANG_WARN_ENUM_CONVERSION = YES;
				CLANG_WARN_INFINITE_RECURSION = YES;
				CLANG_WARN_INT_CONVERSION = YES;
				CLANG_WARN_NON_LITERAL_NULL_CONVERSION = YES;
				CLANG_WARN_OBJC_IMPLICIT_RETAIN_SELF = YES;
				CLANG_WARN_OBJC_LITERAL_CONVERSION = YES;
				CLANG_WARN_OBJC_ROOT_CLASS = YES_ERROR;
				CLANG_WARN_RANGE_LOOP_ANALYSIS = YES;
				CLANG_WARN_STRICT_PROTOTYPES = YES;
				CLANG_WARN_SUSPICIOUS_MOVE = YES;
				CLANG_WARN_UNGUARDED_AVAILABILITY = YES_AGGRESSIVE;
				CLANG_WARN_UNREACHABLE_CODE = YES;
				CLANG_WARN__DUPLICATE_METHOD_MATCH = YES;
				CODE_SIGN_IDENTITY = "iPhone Developer";
				COPY_PHASE_STRIP = NO;
				DEBUG_INFORMATION_FORMAT = "dwarf-with-dsym";
				ENABLE_NS_ASSERTIONS = NO;
				ENABLE_STRICT_OBJC_MSGSEND = YES;
				GCC_C_LANGUAGE_STANDARD = gnu11;
				GCC_NO_COMMON_BLOCKS = YES;
				GCC_WARN_64_TO_32_BIT_CONVERSION = YES;
				GCC_WARN_ABOUT_RETURN_TYPE = YES_ERROR;
				GCC_WARN_UNDECLARED_SELECTOR = YES;
				GCC_WARN_UNINITIALIZED_AUTOS = YES_AGGRESSIVE;
				GCC_WARN_UNUSED_FUNCTION = YES;
				GCC_WARN_UNUSED_VARIABLE = YES;
				IPHONEOS_DEPLOYMENT_TARGET = 11.3;
				MTL_ENABLE_DEBUG_INFO = NO;
				SDKROOT = iphoneos;
				SWIFT_COMPILATION_MODE = wholemodule;
				SWIFT_OPTIMIZATION_LEVEL = "-O";
				VALIDATE_PRODUCT = YES;
			};
			name = Release;
		};
		2566CB441FF9B6C6000FE434 /* Debug */ = {
			isa = XCBuildConfiguration;
			buildSettings = {
				ASSETCATALOG_COMPILER_APPICON_NAME = AppIcon;
				CODE_SIGN_IDENTITY = "iPhone Developer";
				CODE_SIGN_STYLE = Automatic;
				DEVELOPMENT_TEAM = 4JE93M427Z;
				INFOPLIST_FILE = "$(SRCROOT)/igps Rastreamento/Info.plist";
				IPHONEOS_DEPLOYMENT_TARGET = 11.3;
				LD_RUNPATH_SEARCH_PATHS = (
					"$(inherited)",
					"@executable_path/Frameworks",
				);
				PRODUCT_BUNDLE_IDENTIFIER = br.com.igps.IgpsRastreamento;
				PRODUCT_NAME = "$(TARGET_NAME)";
				PROVISIONING_PROFILE_SPECIFIER = "";
				SWIFT_OBJC_BRIDGING_HEADER = "Objc-md5.h";
				SWIFT_VERSION = 4.0;
				TARGETED_DEVICE_FAMILY = 1;
			};
			name = Debug;
		};
		2566CB451FF9B6C6000FE434 /* Release */ = {
			isa = XCBuildConfiguration;
			buildSettings = {
				ASSETCATALOG_COMPILER_APPICON_NAME = AppIcon;
				CODE_SIGN_IDENTITY = "iPhone Developer";
				CODE_SIGN_STYLE = Automatic;
				DEVELOPMENT_TEAM = 4JE93M427Z;
				INFOPLIST_FILE = "$(SRCROOT)/igps Rastreamento/Info.plist";
				IPHONEOS_DEPLOYMENT_TARGET = 11.3;
				LD_RUNPATH_SEARCH_PATHS = (
					"$(inherited)",
					"@executable_path/Frameworks",
				);
				PRODUCT_BUNDLE_IDENTIFIER = br.com.igps.IgpsRastreamento;
				PRODUCT_NAME = "$(TARGET_NAME)";
				PROVISIONING_PROFILE_SPECIFIER = "";
				SWIFT_OBJC_BRIDGING_HEADER = "Objc-md5.h";
				SWIFT_VERSION = 4.0;
				TARGETED_DEVICE_FAMILY = 1;
			};
			name = Release;
		};
/* End XCBuildConfiguration section */

/* Begin XCConfigurationList section */
		2566CB291FF9B6C3000FE434 /* Build configuration list for PBXProject "igps Rastreamento" */ = {
			isa = XCConfigurationList;
			buildConfigurations = (
				2566CB411FF9B6C6000FE434 /* Debug */,
				2566CB421FF9B6C6000FE434 /* Release */,
			);
			defaultConfigurationIsVisible = 0;
			defaultConfigurationName = Release;
		};
		2566CB431FF9B6C6000FE434 /* Build configuration list for PBXNativeTarget "igpsRastreamento" */ = {
			isa = XCConfigurationList;
			buildConfigurations = (
				2566CB441FF9B6C6000FE434 /* Debug */,
				2566CB451FF9B6C6000FE434 /* Release */,
			);
			defaultConfigurationIsVisible = 0;
			defaultConfigurationName = Release;
		};
/* End XCConfigurationList section */

/* Begin XCVersionGroup section */
		2566CB381FF9B6C3000FE434 /* igps_Rastreamento.xcdatamodeld */ = {
			isa = XCVersionGroup;
			children = (
				2566CB391FF9B6C3000FE434 /* igps_Rastreamento.xcdatamodel */,
			);
			currentVersion = 2566CB391FF9B6C3000FE434 /* igps_Rastreamento.xcdatamodel */;
			path = igps_Rastreamento.xcdatamodeld;
			sourceTree = "<group>";
			versionGroupType = wrapper.xcdatamodel;
		};
/* End XCVersionGroup section */
	};
	rootObject = 2566CB261FF9B6C3000FE434 /* Project object */;
}
